{
  "version": 4,
  "terraform_version": "1.11.3",
  "serial": 45,
  "lineage": "660f016f-744d-aec1-aba8-7468a26bf275",
  "outputs": {
    "password": {
      "value": "%TcZeLWxeoBhkWyr+O2F",
      "type": "string",
      "sensitive": true
    },
    "secret_id": {
      "value": "arn:aws:secretsmanager:us-east-1:389606506405:secret:user-account-password-b4899afa-kDMdH9",
      "type": "string"
    }
  },
  "resources": [
    {
      "mode": "data",
      "type": "aws_caller_identity",
      "name": "identity",
      "provider": "provider[\"registry.terraform.io/hashicorp/aws\"]",
      "instances": [
        {
          "schema_version": 0,
          "attributes": {
            "account_id": "389606506405",
            "arn": "arn:aws:iam::389606506405:user/evandriel-cli",
            "id": "389606506405",
            "user_id": "AIDAVVNS3P6S2TH2ODLXI"
          },
          "sensitive_attributes": []
        }
      ]
    },
    {
      "mode": "managed",
      "type": "aws_iam_policy",
      "name": "user_limited_permissions",
      "provider": "provider[\"registry.terraform.io/hashicorp/aws\"]",
      "instances": [
        {
          "schema_version": 0,
          "attributes": {
            "arn": "arn:aws:iam::389606506405:policy/user-limited-permissions-b4899afa",
            "attachment_count": 0,
            "description": "Allow IAM role management and basic user visibility",
            "id": "arn:aws:iam::389606506405:policy/user-limited-permissions-b4899afa",
            "name": "user-limited-permissions-b4899afa",
            "name_prefix": "",
            "path": "/",
            "policy": "{\"Statement\":[{\"Action\":[\"iam:CreateRole\",\"iam:PutRolePolicy\",\"iam:AttachRolePolicy\",\"iam:DetachRolePolicy\",\"iam:GetRole\",\"iam:ListRoles\",\"iam:ListPolicies\",\"iam:GetUser\",\"iam:ListUsers\",\"iam:ListAttachedUserPolicies\"],\"Effect\":\"Allow\",\"Resource\":\"*\",\"Sid\":\"AllowRoleAndUserManagement\"}],\"Version\":\"2012-10-17\"}",
            "policy_id": "ANPAVVNS3P6SQZLZ5WN7M",
            "tags": null,
            "tags_all": {}
          },
          "sensitive_attributes": [],
          "private": "bnVsbA==",
          "dependencies": [
            "random_id.suffix"
          ]
        }
      ]
    },
    {
      "mode": "managed",
      "type": "aws_iam_user",
      "name": "cloud_user",
      "provider": "provider[\"registry.terraform.io/hashicorp/aws\"]",
      "instances": [
        {
          "schema_version": 0,
          "attributes": {
            "arn": "arn:aws:iam::389606506405:user/cloud-user-d3aa67bd",
            "force_destroy": false,
            "id": "cloud-user-d3aa67bd",
            "name": "cloud-user-d3aa67bd",
            "path": "/",
            "permissions_boundary": "",
            "tags": null,
            "tags_all": {},
            "unique_id": "AIDAVVNS3P6S43AW5EGDY"
          },
          "sensitive_attributes": [],
          "private": "bnVsbA==",
          "dependencies": [
            "random_id.hex"
          ]
        }
      ]
    },
    {
      "mode": "managed",
      "type": "aws_iam_user",
      "name": "user_account",
      "provider": "provider[\"registry.terraform.io/hashicorp/aws\"]",
      "instances": [
        {
          "schema_version": 0,
          "attributes": {
            "arn": "arn:aws:iam::389606506405:user/User-Account-Student-b4899afa",
            "force_destroy": true,
            "id": "User-Account-Student-b4899afa",
            "name": "User-Account-Student-b4899afa",
            "path": "/",
            "permissions_boundary": "",
            "tags": null,
            "tags_all": {},
            "unique_id": "AIDAVVNS3P6SWQSEOS2GD"
          },
          "sensitive_attributes": [],
          "private": "bnVsbA==",
          "dependencies": [
            "random_id.suffix"
          ]
        }
      ]
    },
    {
      "mode": "managed",
      "type": "aws_iam_user_login_profile",
      "name": "user_account_login",
      "provider": "provider[\"registry.terraform.io/hashicorp/aws\"]",
      "instances": [
        {
          "schema_version": 0,
          "attributes": {
            "encrypted_password": null,
            "id": "User-Account-Student-b4899afa",
            "key_fingerprint": null,
            "password": "%TcZeLWxeoBhkWyr+O2F",
            "password_length": 20,
            "password_reset_required": false,
            "pgp_key": null,
            "user": "User-Account-Student-b4899afa"
          },
          "sensitive_attributes": [
            [
              {
                "type": "get_attr",
                "value": "password"
              }
            ]
          ],
          "private": "bnVsbA==",
          "dependencies": [
            "aws_iam_user.user_account",
            "random_id.suffix"
          ]
        }
      ]
    },
    {
      "mode": "managed",
      "type": "aws_iam_user_policy_attachment",
      "name": "user_policy_attach",
      "provider": "provider[\"registry.terraform.io/hashicorp/aws\"]",
      "instances": [
        {
          "schema_version": 0,
          "attributes": {
            "id": "User-Account-Student-b4899afa-20250521192137236200000002",
            "policy_arn": "arn:aws:iam::389606506405:policy/user-limited-permissions-b4899afa",
            "user": "User-Account-Student-b4899afa"
          },
          "sensitive_attributes": [],
          "private": "bnVsbA==",
          "dependencies": [
            "aws_iam_policy.user_limited_permissions",
            "aws_iam_user.user_account",
            "random_id.suffix"
          ]
        }
      ]
    },
    {
      "mode": "managed",
      "type": "aws_secretsmanager_secret",
      "name": "user_account_secret",
      "provider": "provider[\"registry.terraform.io/hashicorp/aws\"]",
      "instances": [
        {
          "schema_version": 0,
          "attributes": {
            "arn": "arn:aws:secretsmanager:us-east-1:389606506405:secret:user-account-password-b4899afa-kDMdH9",
            "description": "",
            "force_overwrite_replica_secret": true,
            "id": "arn:aws:secretsmanager:us-east-1:389606506405:secret:user-account-password-b4899afa-kDMdH9",
            "kms_key_id": "",
            "name": "user-account-password-b4899afa",
            "name_prefix": "",
            "policy": "",
            "recovery_window_in_days": 0,
            "replica": [],
            "tags": null,
            "tags_all": {}
          },
          "sensitive_attributes": [],
          "private": "bnVsbA==",
          "dependencies": [
            "random_id.suffix"
          ]
        }
      ]
    },
    {
      "mode": "managed",
      "type": "aws_secretsmanager_secret_version",
      "name": "user_account_secret_version",
      "provider": "provider[\"registry.terraform.io/hashicorp/aws\"]",
      "instances": [
        {
          "schema_version": 0,
          "attributes": {
            "arn": "arn:aws:secretsmanager:us-east-1:389606506405:secret:user-account-password-b4899afa-kDMdH9",
            "has_secret_string_wo": null,
            "id": "arn:aws:secretsmanager:us-east-1:389606506405:secret:user-account-password-b4899afa-kDMdH9|terraform-20250521192137325200000003",
            "secret_binary": "",
            "secret_id": "arn:aws:secretsmanager:us-east-1:389606506405:secret:user-account-password-b4899afa-kDMdH9",
            "secret_string": "%TcZeLWxeoBhkWyr+O2F",
            "secret_string_wo": null,
            "secret_string_wo_version": null,
            "version_id": "terraform-20250521192137325200000003",
            "version_stages": [
              "AWSCURRENT"
            ]
          },
          "sensitive_attributes": [
            [
              {
                "type": "get_attr",
                "value": "secret_string"
              }
            ],
            [
              {
                "type": "get_attr",
                "value": "secret_string_wo"
              }
            ],
            [
              {
                "type": "get_attr",
                "value": "secret_binary"
              }
            ]
          ],
          "private": "bnVsbA==",
          "dependencies": [
            "aws_iam_user.user_account",
            "aws_iam_user_login_profile.user_account_login",
            "aws_secretsmanager_secret.user_account_secret",
            "random_id.suffix"
          ]
        }
      ]
    },
    {
      "mode": "managed",
      "type": "null_resource",
      "name": "add_username",
      "provider": "provider[\"registry.terraform.io/hashicorp/null\"]",
      "instances": [
        {
          "schema_version": 0,
          "attributes": {
            "id": "3049181478874545563",
            "triggers": null
          },
          "sensitive_attributes": [],
          "dependencies": [
            "aws_iam_user.user_account",
            "random_id.suffix"
          ]
        }
      ]
    },
    {
      "mode": "managed",
      "type": "null_resource",
      "name": "complete_delete",
      "provider": "provider[\"registry.terraform.io/hashicorp/null\"]",
      "instances": [
        {
          "schema_version": 0,
          "attributes": {
            "id": "5632522370233715362",
            "triggers": null
          },
          "sensitive_attributes": [],
          "dependencies": [
            "aws_iam_user.user_account",
            "aws_iam_user_login_profile.user_account_login",
            "aws_secretsmanager_secret.user_account_secret",
            "aws_secretsmanager_secret_version.user_account_secret_version",
            "null_resource.credentials",
            "null_resource.nothing",
            "random_id.suffix"
          ]
        }
      ]
    },
    {
      "mode": "managed",
      "type": "null_resource",
      "name": "credentials",
      "provider": "provider[\"registry.terraform.io/hashicorp/null\"]",
      "instances": [
        {
          "schema_version": 0,
          "attributes": {
            "id": "2954180008864600452",
            "triggers": null
          },
          "sensitive_attributes": [],
          "dependencies": [
            "aws_iam_user.user_account",
            "aws_iam_user_login_profile.user_account_login",
            "aws_secretsmanager_secret.user_account_secret",
            "aws_secretsmanager_secret_version.user_account_secret_version",
            "random_id.suffix"
          ]
        }
      ]
    },
    {
      "mode": "managed",
      "type": "null_resource",
      "name": "nothing",
      "provider": "provider[\"registry.terraform.io/hashicorp/null\"]",
      "instances": [
        {
          "schema_version": 0,
          "attributes": {
            "id": "7385358766665133830",
            "triggers": null
          },
          "sensitive_attributes": [],
          "dependencies": [
            "aws_iam_user.user_account",
            "aws_iam_user_login_profile.user_account_login",
            "aws_secretsmanager_secret.user_account_secret",
            "aws_secretsmanager_secret_version.user_account_secret_version",
            "null_resource.credentials",
            "random_id.suffix"
          ]
        }
      ]
    },
    {
      "mode": "managed",
      "type": "null_resource",
      "name": "url_login",
      "provider": "provider[\"registry.terraform.io/hashicorp/null\"]",
      "instances": [
        {
          "schema_version": 0,
          "attributes": {
            "id": "1122753559991998226",
            "triggers": null
          },
          "sensitive_attributes": [],
          "dependencies": [
            "data.aws_caller_identity.identity",
            "random_id.suffix"
          ]
        }
      ]
    },
    {
      "mode": "managed",
      "type": "random_id",
      "name": "hex",
      "provider": "provider[\"registry.terraform.io/hashicorp/random\"]",
      "instances": [
        {
          "schema_version": 0,
          "attributes": {
            "b64_std": "06pnvQ==",
            "b64_url": "06pnvQ",
            "byte_length": 4,
            "dec": "3551160253",
            "hex": "d3aa67bd",
            "id": "06pnvQ",
            "keepers": null,
            "prefix": null
          },
          "sensitive_attributes": []
        }
      ]
    },
    {
      "mode": "managed",
      "type": "random_id",
      "name": "suffix",
      "provider": "provider[\"registry.terraform.io/hashicorp/random\"]",
      "instances": [
        {
          "schema_version": 0,
          "attributes": {
            "b64_std": "tIma+g==",
            "b64_url": "tIma-g",
            "byte_length": 4,
            "dec": "3028916986",
            "hex": "b4899afa",
            "id": "tIma-g",
            "keepers": null,
            "prefix": null
          },
          "sensitive_attributes": []
        }
      ]
    }
  ],
  "check_results": null
}
